<?xml version="1.0" encoding="utf-8"?>
<Project ToolsVersion="4.0" xmlns="http://schemas.microsoft.com/developer/msbuild/2003">
  <ItemGroup>
    <Filter Include="./">
      <UniqueIdentifier>{3aa804bd-2649-4725-b35b-24533a68cb94}</UniqueIdentifier>
    </Filter>
    <Filter Include="./\_seams">
      <UniqueIdentifier>{c9aea5e0-8970-4946-b65f-adac3979ec01}</UniqueIdentifier>
    </Filter>
  </ItemGroup>
  <ItemGroup>
    <None Include="_seams\00.core.inl">
      <Filter>./\_seams</Filter>
    </None>
    <None Include="_seams\readme.md">
      <Filter>./\_seams</Filter>
    </None>
    <None Include="_seams\_seams.inl">
      <Filter>./\_seams</Filter>
    </None>
  </ItemGroup>
  <ItemGroup>
    <Text Include="_seams\CMakeLists.txt">
      <Filter>./\_seams</Filter>
    </Text>
  </ItemGroup>
  <ItemGroup>
    <ClCompile Include="_seams\main.cpp">
      <Filter>./\_seams</Filter>
    </ClCompile>
  </ItemGroup>
  <ItemGroup>
    <ClInclude Include="_seams\release.h">
      <Filter>./\_seams</Filter>
    </ClInclude>
    <ClInclude Include="environment.h">
      <Filter>./</Filter>
    </ClInclude>
  </ItemGroup>
</Project>